
Microsoft Visual Studio Solution File, Format Version 12.00
# Visual Studio Version 16
VisualStudioVersion = 16.0.31402.337
MinimumVisualStudioVersion = 10.0.40219.1
Project("{FAE04EC0-301F-11D3-BF4B-00C04F79EFBC}") = "TimeTable", "TimeTable\TimeTable.csproj", "{CFFE3325-ACFB-4F55-BE9E-FD6085FE1F48}"
EndProject
Global
	GlobalSection(SolutionConfigurationPlatforms) = preSolution
		Debug|Any CPU = Debug|Any CPU
		Release|Any CPU = Release|Any CPU
	EndGlobalSection
	GlobalSection(ProjectConfigurationPlatforms) = postSolution
		{CFFE3325-ACFB-4F55-BE9E-FD6085FE1F48}.Debug|Any CPU.ActiveCfg = Debug|Any CPU
		{CFFE3325-ACFB-4F55-BE9E-FD6085FE1F48}.Debug|Any CPU.Build.0 = Debug|Any CPU
		{CFFE3325-ACFB-4F55-BE9E-FD6085FE1F48}.Release|Any CPU.ActiveCfg = Release|Any CPU
		{CFFE3325-ACFB-4F55-BE9E-FD6085FE1F48}.Release|Any CPU.Build.0 = Release|Any CPU
	EndGlobalSection
	GlobalSection(SolutionProperties) = preSolution
		HideSolutionNode = FALSE
	EndGlobalSection
	GlobalSection(ExtensibilityGlobals) = postSolution
		SolutionGuid = {A16D7BF6-573B-40FE-BE6A-69CD3F1C7281}
	EndGlobalSection
EndGlobal
